// !$*UTF8*$!
{
	archiveVersion = 1;
	classes = {
	};
	objectVersion = 50;
	objects = {

/* Begin PBXBuildFile section */
		C3363F732670A483009433C1 /* LabelColor.swift in Sources */ = {isa = PBXBuildFile; fileRef = C3363F722670A483009433C1 /* LabelColor.swift */; };
		C3363F752670A621009433C1 /* TextFieldColor.swift in Sources */ = {isa = PBXBuildFile; fileRef = C3363F742670A621009433C1 /* TextFieldColor.swift */; };
		C3363F772670AD5B009433C1 /* SliderColor.swift in Sources */ = {isa = PBXBuildFile; fileRef = C3363F762670AD5B009433C1 /* SliderColor.swift */; };
		C34ED6BD266BFE1500501994 /* Multicolor_area_SwiftUIApp.swift in Sources */ = {isa = PBXBuildFile; fileRef = C34ED6BC266BFE1500501994 /* Multicolor_area_SwiftUIApp.swift */; };
		C34ED6BF266BFE1500501994 /* ContentView.swift in Sources */ = {isa = PBXBuildFile; fileRef = C34ED6BE266BFE1500501994 /* ContentView.swift */; };
		C34ED6C1266BFE1500501994 /* Assets.xcassets in Resources */ = {isa = PBXBuildFile; fileRef = C34ED6C0266BFE1500501994 /* Assets.xcassets */; };
		C34ED6C4266BFE1500501994 /* Preview Assets.xcassets in Resources */ = {isa = PBXBuildFile; fileRef = C34ED6C3266BFE1500501994 /* Preview Assets.xcassets */; };
		C34ED6CC266BFEB800501994 /* ColorBox.swift in Sources */ = {isa = PBXBuildFile; fileRef = C34ED6CB266BFEB800501994 /* ColorBox.swift */; };
/* End PBXBuildFile section */

/* Begin PBXFileReference section */
		C3363F722670A483009433C1 /* LabelColor.swift */ = {isa = PBXFileReference; lastKnownFileType = sourcecode.swift; path = LabelColor.swift; sourceTree = "<group>"; };
		C3363F742670A621009433C1 /* TextFieldColor.swift */ = {isa = PBXFileReference; lastKnownFileType = sourcecode.swift; path = TextFieldColor.swift; sourceTree = "<group>"; };
		C3363F762670AD5B009433C1 /* SliderColor.swift */ = {isa = PBXFileReference; lastKnownFileType = sourcecode.swift; path = SliderColor.swift; sourceTree = "<group>"; };
		C34ED6B9266BFE1500501994 /* Multicolor area SwiftUI.app */ = {isa = PBXFileReference; explicitFileType = wrapper.application; includeInIndex = 0; path = "Multicolor area SwiftUI.app"; sourceTree = BUILT_PRODUCTS_DIR; };
		C34ED6BC266BFE1500501994 /* Multicolor_area_SwiftUIApp.swift */ = {isa = PBXFileReference; lastKnownFileType = sourcecode.swift; path = Multicolor_area_SwiftUIApp.swift; sourceTree = "<group>"; };
		C34ED6BE266BFE1500501994 /* ContentView.swift */ = {isa = PBXFileReference; lastKnownFileType = sourcecode.swift; path = ContentView.swift; sourceTree = "<group>"; };
		C34ED6C0266BFE1500501994 /* Assets.xcassets */ = {isa = PBXFileReference; lastKnownFileType = folder.assetcatalog; path = Assets.xcassets; sourceTree = "<group>"; };
		C34ED6C3266BFE1500501994 /* Preview Assets.xcassets */ = {isa = PBXFileReference; lastKnownFileType = folder.assetcatalog; path = "Preview Assets.xcassets"; sourceTree = "<group>"; };
		C34ED6C5266BFE1500501994 /* Info.plist */ = {isa = PBXFileReference; lastKnownFileType = text.plist.xml; path = Info.plist; sourceTree = "<group>"; };
		C34ED6CB266BFEB800501994 /* ColorBox.swift */ = {isa = PBXFileReference; lastKnownFileType = sourcecode.swift; path = ColorBox.swift; sourceTree = "<group>"; };
/* End PBXFileReference section */

/* Begin PBXFrameworksBuildPhase section */
		C34ED6B6266BFE1500501994 /* Frameworks */ = {
			isa = PBXFrameworksBuildPhase;
			buildActionMask = 2147483647;
			files = (
			);
			runOnlyForDeploymentPostprocessing = 0;
		};
/* End PBXFrameworksBuildPhase section */

/* Begin PBXGroup section */
		C34ED6B0266BFE1500501994 = {
			isa = PBXGroup;
			children = (
				C34ED6BB266BFE1500501994 /* Multicolor area SwiftUI */,
				C34ED6BA266BFE1500501994 /* Products */,
			);
			sourceTree = "<group>";
		};
		C34ED6BA266BFE1500501994 /* Products */ = {
			isa = PBXGroup;
			children = (
				C34ED6B9266BFE1500501994 /* Multicolor area SwiftUI.app */,
			);
			name = Products;
			sourceTree = "<group>";
		};
		C34ED6BB266BFE1500501994 /* Multicolor area SwiftUI */ = {
			isa = PBXGroup;
			children = (
				C34ED6BC266BFE1500501994 /* Multicolor_area_SwiftUIApp.swift */,
				C34ED6BE266BFE1500501994 /* ContentView.swift */,
				C3363F762670AD5B009433C1 /* SliderColor.swift */,
				C3363F742670A621009433C1 /* TextFieldColor.swift */,
				C3363F722670A483009433C1 /* LabelColor.swift */,
				C34ED6CB266BFEB800501994 /* ColorBox.swift */,
				C34ED6C0266BFE1500501994 /* Assets.xcassets */,
				C34ED6C5266BFE1500501994 /* Info.plist */,
				C34ED6C2266BFE1500501994 /* Preview Content */,
			);
			path = "Multicolor area SwiftUI";
			sourceTree = "<group>";
		};
		C34ED6C2266BFE1500501994 /* Preview Content */ = {
			isa = PBXGroup;
			children = (
				C34ED6C3266BFE1500501994 /* Preview Assets.xcassets */,
			);
			path = "Preview Content";
			sourceTree = "<group>";
		};
/* End PBXGroup section */

/* Begin PBXNativeTarget section */
		C34ED6B8266BFE1500501994 /* Multicolor area SwiftUI */ = {
			isa = PBXNativeTarget;
			buildConfigurationList = C34ED6C8266BFE1500501994 /* Build configuration list for PBXNativeTarget "Multicolor area SwiftUI" */;
			buildPhases = (
				C34ED6B5266BFE1500501994 /* Sources */,
				C34ED6B6266BFE1500501994 /* Frameworks */,
				C34ED6B7266BFE1500501994 /* Resources */,
			);
			buildRules = (
			);
			dependencies = (
			);
			name = "Multicolor area SwiftUI";
			productName = "Multicolor area SwiftUI";
			productReference = C34ED6B9266BFE1500501994 /* Multicolor area SwiftUI.app */;
			productType = "com.apple.product-type.application";
		};
/* End PBXNativeTarget section */

/* Begin PBXProject section */
		C34ED6B1266BFE1500501994 /* Project object */ = {
			isa = PBXProject;
			attributes = {
				LastSwiftUpdateCheck = 1250;
				LastUpgradeCheck = 1250;
				TargetAttributes = {
					C34ED6B8266BFE1500501994 = {
						CreatedOnToolsVersion = 12.5;
					};
				};
			};
			buildConfigurationList = C34ED6B4266BFE1500501994 /* Build configuration list for PBXProject "Multicolor area SwiftUI" */;
			compatibilityVersion = "Xcode 9.3";
			developmentRegion = en;
			hasScannedForEncodings = 0;
			knownRegions = (
				en,
				Base,
			);
			mainGroup = C34ED6B0266BFE1500501994;
			productRefGroup = C34ED6BA266BFE1500501994 /* Products */;
			projectDirPath = "";
			projectRoot = "";
			targets = (
				C34ED6B8266BFE1500501994 /* Multicolor area SwiftUI */,
			);
		};
/* End PBXProject section */

/* Begin PBXResourcesBuildPhase section */
		C34ED6B7266BFE1500501994 /* Resources */ = {
			isa = PBXResourcesBuildPhase;
			buildActionMask = 2147483647;
			files = (
				C34ED6C4266BFE1500501994 /* Preview Assets.xcassets in Resources */,
				C34ED6C1266BFE1500501994 /* Assets.xcassets in Resources */,
			);
			runOnlyForDeploymentPostprocessing = 0;
		};
/* End PBXResourcesBuildPhase section */

/* Begin PBXSourcesBuildPhase section */
		C34ED6B5266BFE1500501994 /* Sources */ = {
			isa = PBXSourcesBuildPhase;
			buildActionMask = 2147483647;
			files = (
				C34ED6CC266BFEB800501994 /* ColorBox.swift in Sources */,
				C3363F752670A621009433C1 /* TextFieldColor.swift in Sources */,
				C3363F772670AD5B009433C1 /* SliderColor.swift in Sources */,
				C34ED6BF266BFE1500501994 /* ContentView.swift in Sources */,
				C34ED6BD266BFE1500501994 /* Multicolor_area_SwiftUIApp.swift in Sources */,
				C3363F732670A483009433C1 /* LabelColor.swift in Sources */,
			);
			runOnlyForDeploymentPostprocessing = 0;
		};
/* End PBXSourcesBuildPhase section */

/* Begin XCBuildConfiguration section */
		C34ED6C6266BFE1500501994 /* Debug */ = {
			isa = XCBuildConfiguration;
			buildSettings = {
				ALWAYS_SEARCH_USER_PATHS = NO;
				CLANG_ANALYZER_NONNULL = YES;
				CLANG_ANALYZER_NUMBER_OBJECT_CONVERSION = YES_AGGRESSIVE;
				CLANG_CXX_LANGUAGE_STANDARD = "gnu++14";
				CLANG_CXX_LIBRARY = "libc++";
				CLANG_ENABLE_MODULES = YES;
				CLANG_ENABLE_OBJC_ARC = YES;
				CLANG_ENABLE_OBJC_WEAK = YES;
				CLANG_WARN_BLOCK_CAPTURE_AUTORELEASING = YES;
				CLANG_WARN_BOOL_CONVERSION = YES;
				CLANG_WARN_COMMA = YES;
				CLANG_WARN_CONSTANT_CONVERSION = YES;
				CLANG_WARN_DEPRECATED_OBJC_IMPLEMENTATIONS = YES;
				CLANG_WARN_DIRECT_OBJC_ISA_USAGE = YES_ERROR;
				CLANG_WARN_DOCUMENTATION_COMMENTS = YES;
				CLANG_WARN_EMPTY_BODY = YES;
				CLANG_WARN_ENUM_CONVERSION = YES;
				CLANG_WARN_INFINITE_RECURSION = YES;
				CLANG_WARN_INT_CONVERSION = YES;
				CLANG_WARN_NON_LITERAL_NULL_CONVERSION = YES;
				CLANG_WARN_OBJC_IMPLICIT_RETAIN_SELF = YES;
				CLANG_WARN_OBJC_LITERAL_CONVERSION = YES;
				CLANG_WARN_OBJC_ROOT_CLASS = YES_ERROR;
				CLANG_WARN_QUOTED_INCLUDE_IN_FRAMEWORK_HEADER = YES;
				CLANG_WARN_RANGE_LOOP_ANALYSIS = YES;
				CLANG_WARN_STRICT_PROTOTYPES = YES;
				CLANG_WARN_SUSPICIOUS_MOVE = YES;
				CLANG_WARN_UNGUARDED_AVAILABILITY = YES_AGGRESSIVE;
				CLANG_WARN_UNREACHABLE_CODE = YES;
				CLANG_WARN__DUPLICATE_METHOD_MATCH = YES;
				COPY_PHASE_STRIP = NO;
				DEBUG_INFORMATION_FORMAT = dwarf;
				ENABLE_STRICT_OBJC_MSGSEND = YES;
				ENABLE_TESTABILITY = YES;
				GCC_C_LANGUAGE_STANDARD = gnu11;
				GCC_DYNAMIC_NO_PIC = NO;
				GCC_NO_COMMON_BLOCKS = YES;
				GCC_OPTIMIZATION_LEVEL = 0;
				GCC_PREPROCESSOR_DEFINITIONS = (
					"DEBUG=1",
					"$(inherited)",
				);
				GCC_WARN_64_TO_32_BIT_CONVERSION = YES;
				GCC_WARN_ABOUT_RETURN_TYPE = YES_ERROR;
				GCC_WARN_UNDECLARED_SELECTOR = YES;
				GCC_WARN_UNINITIALIZED_AUTOS = YES_AGGRESSIVE;
				GCC_WARN_UNUSED_FUNCTION = YES;
				GCC_WARN_UNUSED_VARIABLE = YES;
				IPHONEOS_DEPLOYMENT_TARGET = 14.5;
				MTL_ENABLE_DEBUG_INFO = INCLUDE_SOURCE;
				MTL_FAST_MATH = YES;
				ONLY_ACTIVE_ARCH = YES;
				SDKROOT = iphoneos;
				SWIFT_ACTIVE_COMPILATION_CONDITIONS = DEBUG;
				SWIFT_OPTIMIZATION_LEVEL = "-Onone";
			};
			name = Debug;
		};
		C34ED6C7266BFE1500501994 /* Release */ = {
			isa = XCBuildConfiguration;
			buildSettings = {
				ALWAYS_SEARCH_USER_PATHS = NO;
				CLANG_ANALYZER_NONNULL = YES;
				CLANG_ANALYZER_NUMBER_OBJECT_CONVERSION = YES_AGGRESSIVE;
				CLANG_CXX_LANGUAGE_STANDARD = "gnu++14";
				CLANG_CXX_LIBRARY = "libc++";
				CLANG_ENABLE_MODULES = YES;
				CLANG_ENABLE_OBJC_ARC = YES;
				CLANG_ENABLE_OBJC_WEAK = YES;
				CLANG_WARN_BLOCK_CAPTURE_AUTORELEASING = YES;
				CLANG_WARN_BOOL_CONVERSION = YES;
				CLANG_WARN_COMMA = YES;
				CLANG_WARN_CONSTANT_CONVERSION = YES;
				CLANG_WARN_DEPRECATED_OBJC_IMPLEMENTATIONS = YES;
				CLANG_WARN_DIRECT_OBJC_ISA_USAGE = YES_ERROR;
				CLANG_WARN_DOCUMENTATION_COMMENTS = YES;
				CLANG_WARN_EMPTY_BODY = YES;
				CLANG_WARN_ENUM_CONVERSION = YES;
				CLANG_WARN_INFINITE_RECURSION = YES;
				CLANG_WARN_INT_CONVERSION = YES;
				CLANG_WARN_NON_LITERAL_NULL_CONVERSION = YES;
				CLANG_WARN_OBJC_IMPLICIT_RETAIN_SELF = YES;
				CLANG_WARN_OBJC_LITERAL_CONVERSION = YES;
				CLANG_WARN_OBJC_ROOT_CLASS = YES_ERROR;
				CLANG_WARN_QUOTED_INCLUDE_IN_FRAMEWORK_HEADER = YES;
				CLANG_WARN_RANGE_LOOP_ANALYSIS = YES;
				CLANG_WARN_STRICT_PROTOTYPES = YES;
				CLANG_WARN_SUSPICIOUS_MOVE = YES;
				CLANG_WARN_UNGUARDED_AVAILABILITY = YES_AGGRESSIVE;
				CLANG_WARN_UNREACHABLE_CODE = YES;
				CLANG_WARN__DUPLICATE_METHOD_MATCH = YES;
				COPY_PHASE_STRIP = NO;
				DEBUG_INFORMATION_FORMAT = "dwarf-with-dsym";
				ENABLE_NS_ASSERTIONS = NO;
				ENABLE_STRICT_OBJC_MSGSEND = YES;
				GCC_C_LANGUAGE_STANDARD = gnu11;
				GCC_NO_COMMON_BLOCKS = YES;
				GCC_WARN_64_TO_32_BIT_CONVERSION = YES;
				GCC_WARN_ABOUT_RETURN_TYPE = YES_ERROR;
				GCC_WARN_UNDECLARED_SELECTOR = YES;
				GCC_WARN_UNINITIALIZED_AUTOS = YES_AGGRESSIVE;
				GCC_WARN_UNUSED_FUNCTION = YES;
				GCC_WARN_UNUSED_VARIABLE = YES;
				IPHONEOS_DEPLOYMENT_TARGET = 14.5;
				MTL_ENABLE_DEBUG_INFO = NO;
				MTL_FAST_MATH = YES;
				SDKROOT = iphoneos;
				SWIFT_COMPILATION_MODE = wholemodule;
				SWIFT_OPTIMIZATION_LEVEL = "-O";
				VALIDATE_PRODUCT = YES;
			};
			name = Release;
		};
		C34ED6C9266BFE1500501994 /* Debug */ = {
			isa = XCBuildConfiguration;
			buildSettings = {
				ASSETCATALOG_COMPILER_APPICON_NAME = AppIcon;
				ASSETCATALOG_COMPILER_GLOBAL_ACCENT_COLOR_NAME = AccentColor;
				CODE_SIGN_STYLE = Automatic;
				DEVELOPMENT_ASSET_PATHS = "\"Multicolor area SwiftUI/Preview Content\"";
				DEVELOPMENT_TEAM = S4AD5RA4FS;
				ENABLE_PREVIEWS = YES;
				INFOPLIST_FILE = "Multicolor area SwiftUI/Info.plist";
				IPHONEOS_DEPLOYMENT_TARGET = 14.0;
				LD_RUNPATH_SEARCH_PATHS = (
					"$(inherited)",
					"@executable_path/Frameworks",
				);
				PRODUCT_BUNDLE_IDENTIFIER = "Shagiakhmetov.Multicolor-area-SwiftUI";
				PRODUCT_NAME = "$(TARGET_NAME)";
				SWIFT_VERSION = 5.0;
				TARGETED_DEVICE_FAMILY = "1,2";
			};
			name = Debug;
		};
		C34ED6CA266BFE1500501994 /* Release */ = {
			isa = XCBuildConfiguration;
			buildSettings = {
				ASSETCATALOG_COMPILER_APPICON_NAME = AppIcon;
				ASSETCATALOG_COMPILER_GLOBAL_ACCENT_COLOR_NAME = AccentColor;
				CODE_SIGN_STYLE = Automatic;
				DEVELOPMENT_ASSET_PATHS = "\"Multicolor area SwiftUI/Preview Content\"";
				DEVELOPMENT_TEAM = S4AD5RA4FS;
				ENABLE_PREVIEWS = YES;
				INFOPLIST_FILE = "Multicolor area SwiftUI/Info.plist";
				IPHONEOS_DEPLOYMENT_TARGET = 14.0;
				LD_RUNPATH_SEARCH_PATHS = (
					"$(inherited)",
					"@executable_path/Frameworks",
				);
				PRODUCT_BUNDLE_IDENTIFIER = "Shagiakhmetov.Multicolor-area-SwiftUI";
				PRODUCT_NAME = "$(TARGET_NAME)";
				SWIFT_VERSION = 5.0;
				TARGETED_DEVICE_FAMILY = "1,2";
			};
			name = Release;
		};
/* End XCBuildConfiguration section */

/* Begin XCConfigurationList section */
		C34ED6B4266BFE1500501994 /* Build configuration list for PBXProject "Multicolor area SwiftUI" */ = {
			isa = XCConfigurationList;
			buildConfigurations = (
				C34ED6C6266BFE1500501994 /* Debug */,
				C34ED6C7266BFE1500501994 /* Release */,
			);
			defaultConfigurationIsVisible = 0;
			defaultConfigurationName = Release;
		};
		C34ED6C8266BFE1500501994 /* Build configuration list for PBXNativeTarget "Multicolor area SwiftUI" */ = {
			isa = XCConfigurationList;
			buildConfigurations = (
				C34ED6C9266BFE1500501994 /* Debug */,
				C34ED6CA266BFE1500501994 /* Release */,
			);
			defaultConfigurationIsVisible = 0;
			defaultConfigurationName = Release;
		};
/* End XCConfigurationList section */
	};
	rootObject = C34ED6B1266BFE1500501994 /* Project object */;
}
